
Microsoft Visual Studio Solution File, Format Version 12.00
# Visual Studio 14
VisualStudioVersion = 14.0.25420.1
MinimumVisualStudioVersion = 10.0.40219.1
Project("{FAE04EC0-301F-11D3-BF4B-00C04F79EFBC}") = "Facebook.APIApp", "Facebook.APIApp\Facebook.APIApp.csproj", "{6F228A41-18AA-457A-81DD-EE1A1D0AC65E}"
EndProject
Project("{FAE04EC0-301F-11D3-BF4B-00C04F79EFBC}") = "Facebook.APIApp.Tests", "Facebook.APIApp.Tests\Facebook.APIApp.Tests.csproj", "{C880723B-271B-485D-ACD7-24FA2E845105}"
EndProject
Project("{FAE04EC0-301F-11D3-BF4B-00C04F79EFBC}") = "Facebook.WebJob", "Facebook.WebJob\Facebook.WebJob.csproj", "{7EF3568F-08FF-42B9-B63B-16415857B69B}"
EndProject
Project("{FAE04EC0-301F-11D3-BF4B-00C04F79EFBC}") = "Facebook.MobileApp", "Facebook.MobileApp\Facebook.MobileApp.csproj", "{256021CE-1B2B-43BC-9928-E498668F4715}"
EndProject
Project("{FAE04EC0-301F-11D3-BF4B-00C04F79EFBC}") = "Facebook.Platform", "Facebook.Platform\Facebook.Platform.csproj", "{D29AEB04-34F0-4EF6-8F30-3F039FB0408E}"
EndProject
Project("{FAE04EC0-301F-11D3-BF4B-00C04F79EFBC}") = "Facebook.WebApp", "Facebook.WebApp\Facebook.WebApp.csproj", "{78D49F6E-A564-4711-BBF1-D4CE03F65438}"
EndProject
Project("{00D1A9C2-B5F0-4AF3-8072-F6C62B433612}") = "Facebook.SQLDatabase", "Facebook.SQLDatabase\Facebook.SQLDatabase.sqlproj", "{182B9F67-3B34-4863-B9A3-8D08288F918A}"
EndProject
Project("{FAE04EC0-301F-11D3-BF4B-00C04F79EFBC}") = "Facebook.Models", "Facebook.Models\Facebook.Models.csproj", "{55EB381A-7AD4-414E-93CF-0E29604B9F66}"
EndProject
Global
	GlobalSection(SolutionConfigurationPlatforms) = preSolution
		Ad-Hoc|Any CPU = Ad-Hoc|Any CPU
		Ad-Hoc|ARM = Ad-Hoc|ARM
		Ad-Hoc|iPhone = Ad-Hoc|iPhone
		Ad-Hoc|iPhoneSimulator = Ad-Hoc|iPhoneSimulator
		Ad-Hoc|x64 = Ad-Hoc|x64
		Ad-Hoc|x86 = Ad-Hoc|x86
		AppStore|Any CPU = AppStore|Any CPU
		AppStore|ARM = AppStore|ARM
		AppStore|iPhone = AppStore|iPhone
		AppStore|iPhoneSimulator = AppStore|iPhoneSimulator
		AppStore|x64 = AppStore|x64
		AppStore|x86 = AppStore|x86
		Debug|Any CPU = Debug|Any CPU
		Debug|ARM = Debug|ARM
		Debug|iPhone = Debug|iPhone
		Debug|iPhoneSimulator = Debug|iPhoneSimulator
		Debug|x64 = Debug|x64
		Debug|x86 = Debug|x86
		Release|Any CPU = Release|Any CPU
		Release|ARM = Release|ARM
		Release|iPhone = Release|iPhone
		Release|iPhoneSimulator = Release|iPhoneSimulator
		Release|x64 = Release|x64
		Release|x86 = Release|x86
	EndGlobalSection
	GlobalSection(ProjectConfigurationPlatforms) = postSolution
		{6F228A41-18AA-457A-81DD-EE1A1D0AC65E}.Ad-Hoc|Any CPU.ActiveCfg = Release|Any CPU
		{6F228A41-18AA-457A-81DD-EE1A1D0AC65E}.Ad-Hoc|Any CPU.Build.0 = Release|Any CPU
		{6F228A41-18AA-457A-81DD-EE1A1D0AC65E}.Ad-Hoc|ARM.ActiveCfg = Release|Any CPU
		{6F228A41-18AA-457A-81DD-EE1A1D0AC65E}.Ad-Hoc|ARM.Build.0 = Release|Any CPU
		{6F228A41-18AA-457A-81DD-EE1A1D0AC65E}.Ad-Hoc|iPhone.ActiveCfg = Release|Any CPU
		{6F228A41-18AA-457A-81DD-EE1A1D0AC65E}.Ad-Hoc|iPhone.Build.0 = Release|Any CPU
		{6F228A41-18AA-457A-81DD-EE1A1D0AC65E}.Ad-Hoc|iPhoneSimulator.ActiveCfg = Release|Any CPU
		{6F228A41-18AA-457A-81DD-EE1A1D0AC65E}.Ad-Hoc|iPhoneSimulator.Build.0 = Release|Any CPU
		{6F228A41-18AA-457A-81DD-EE1A1D0AC65E}.Ad-Hoc|x64.ActiveCfg = Release|Any CPU
		{6F228A41-18AA-457A-81DD-EE1A1D0AC65E}.Ad-Hoc|x64.Build.0 = Release|Any CPU
		{6F228A41-18AA-457A-81DD-EE1A1D0AC65E}.Ad-Hoc|x86.ActiveCfg = Release|Any CPU
		{6F228A41-18AA-457A-81DD-EE1A1D0AC65E}.Ad-Hoc|x86.Build.0 = Release|Any CPU
		{6F228A41-18AA-457A-81DD-EE1A1D0AC65E}.AppStore|Any CPU.ActiveCfg = Release|Any CPU
		{6F228A41-18AA-457A-81DD-EE1A1D0AC65E}.AppStore|Any CPU.Build.0 = Release|Any CPU
		{6F228A41-18AA-457A-81DD-EE1A1D0AC65E}.AppStore|ARM.ActiveCfg = Release|Any CPU
		{6F228A41-18AA-457A-81DD-EE1A1D0AC65E}.AppStore|ARM.Build.0 = Release|Any CPU
		{6F228A41-18AA-457A-81DD-EE1A1D0AC65E}.AppStore|iPhone.ActiveCfg = Release|Any CPU
		{6F228A41-18AA-457A-81DD-EE1A1D0AC65E}.AppStore|iPhone.Build.0 = Release|Any CPU
		{6F228A41-18AA-457A-81DD-EE1A1D0AC65E}.AppStore|iPhoneSimulator.ActiveCfg = Release|Any CPU
		{6F228A41-18AA-457A-81DD-EE1A1D0AC65E}.AppStore|iPhoneSimulator.Build.0 = Release|Any CPU
		{6F228A41-18AA-457A-81DD-EE1A1D0AC65E}.AppStore|x64.ActiveCfg = Release|Any CPU
		{6F228A41-18AA-457A-81DD-EE1A1D0AC65E}.AppStore|x64.Build.0 = Release|Any CPU
		{6F228A41-18AA-457A-81DD-EE1A1D0AC65E}.AppStore|x86.ActiveCfg = Release|Any CPU
		{6F228A41-18AA-457A-81DD-EE1A1D0AC65E}.AppStore|x86.Build.0 = Release|Any CPU
		{6F228A41-18AA-457A-81DD-EE1A1D0AC65E}.Debug|Any CPU.ActiveCfg = Debug|Any CPU
		{6F228A41-18AA-457A-81DD-EE1A1D0AC65E}.Debug|Any CPU.Build.0 = Debug|Any CPU
		{6F228A41-18AA-457A-81DD-EE1A1D0AC65E}.Debug|ARM.ActiveCfg = Debug|Any CPU
		{6F228A41-18AA-457A-81DD-EE1A1D0AC65E}.Debug|ARM.Build.0 = Debug|Any CPU
		{6F228A41-18AA-457A-81DD-EE1A1D0AC65E}.Debug|iPhone.ActiveCfg = Debug|Any CPU
		{6F228A41-18AA-457A-81DD-EE1A1D0AC65E}.Debug|iPhone.Build.0 = Debug|Any CPU
		{6F228A41-18AA-457A-81DD-EE1A1D0AC65E}.Debug|iPhoneSimulator.ActiveCfg = Debug|Any CPU
		{6F228A41-18AA-457A-81DD-EE1A1D0AC65E}.Debug|iPhoneSimulator.Build.0 = Debug|Any CPU
		{6F228A41-18AA-457A-81DD-EE1A1D0AC65E}.Debug|x64.ActiveCfg = Debug|Any CPU
		{6F228A41-18AA-457A-81DD-EE1A1D0AC65E}.Debug|x64.Build.0 = Debug|Any CPU
		{6F228A41-18AA-457A-81DD-EE1A1D0AC65E}.Debug|x86.ActiveCfg = Debug|Any CPU
		{6F228A41-18AA-457A-81DD-EE1A1D0AC65E}.Debug|x86.Build.0 = Debug|Any CPU
		{6F228A41-18AA-457A-81DD-EE1A1D0AC65E}.Release|Any CPU.ActiveCfg = Release|Any CPU
		{6F228A41-18AA-457A-81DD-EE1A1D0AC65E}.Release|Any CPU.Build.0 = Release|Any CPU
		{6F228A41-18AA-457A-81DD-EE1A1D0AC65E}.Release|ARM.ActiveCfg = Release|Any CPU
		{6F228A41-18AA-457A-81DD-EE1A1D0AC65E}.Release|ARM.Build.0 = Release|Any CPU
		{6F228A41-18AA-457A-81DD-EE1A1D0AC65E}.Release|iPhone.ActiveCfg = Release|Any CPU
		{6F228A41-18AA-457A-81DD-EE1A1D0AC65E}.Release|iPhone.Build.0 = Release|Any CPU
		{6F228A41-18AA-457A-81DD-EE1A1D0AC65E}.Release|iPhoneSimulator.ActiveCfg = Release|Any CPU
		{6F228A41-18AA-457A-81DD-EE1A1D0AC65E}.Release|iPhoneSimulator.Build.0 = Release|Any CPU
		{6F228A41-18AA-457A-81DD-EE1A1D0AC65E}.Release|x64.ActiveCfg = Release|Any CPU
		{6F228A41-18AA-457A-81DD-EE1A1D0AC65E}.Release|x64.Build.0 = Release|Any CPU
		{6F228A41-18AA-457A-81DD-EE1A1D0AC65E}.Release|x86.ActiveCfg = Release|Any CPU
		{6F228A41-18AA-457A-81DD-EE1A1D0AC65E}.Release|x86.Build.0 = Release|Any CPU
		{C880723B-271B-485D-ACD7-24FA2E845105}.Ad-Hoc|Any CPU.ActiveCfg = Release|Any CPU
		{C880723B-271B-485D-ACD7-24FA2E845105}.Ad-Hoc|Any CPU.Build.0 = Release|Any CPU
		{C880723B-271B-485D-ACD7-24FA2E845105}.Ad-Hoc|ARM.ActiveCfg = Release|Any CPU
		{C880723B-271B-485D-ACD7-24FA2E845105}.Ad-Hoc|ARM.Build.0 = Release|Any CPU
		{C880723B-271B-485D-ACD7-24FA2E845105}.Ad-Hoc|iPhone.ActiveCfg = Release|Any CPU
		{C880723B-271B-485D-ACD7-24FA2E845105}.Ad-Hoc|iPhone.Build.0 = Release|Any CPU
		{C880723B-271B-485D-ACD7-24FA2E845105}.Ad-Hoc|iPhoneSimulator.ActiveCfg = Release|Any CPU
		{C880723B-271B-485D-ACD7-24FA2E845105}.Ad-Hoc|iPhoneSimulator.Build.0 = Release|Any CPU
		{C880723B-271B-485D-ACD7-24FA2E845105}.Ad-Hoc|x64.ActiveCfg = Release|Any CPU
		{C880723B-271B-485D-ACD7-24FA2E845105}.Ad-Hoc|x64.Build.0 = Release|Any CPU
		{C880723B-271B-485D-ACD7-24FA2E845105}.Ad-Hoc|x86.ActiveCfg = Release|Any CPU
		{C880723B-271B-485D-ACD7-24FA2E845105}.Ad-Hoc|x86.Build.0 = Release|Any CPU
		{C880723B-271B-485D-ACD7-24FA2E845105}.AppStore|Any CPU.ActiveCfg = Release|Any CPU
		{C880723B-271B-485D-ACD7-24FA2E845105}.AppStore|Any CPU.Build.0 = Release|Any CPU
		{C880723B-271B-485D-ACD7-24FA2E845105}.AppStore|ARM.ActiveCfg = Release|Any CPU
		{C880723B-271B-485D-ACD7-24FA2E845105}.AppStore|ARM.Build.0 = Release|Any CPU
		{C880723B-271B-485D-ACD7-24FA2E845105}.AppStore|iPhone.ActiveCfg = Release|Any CPU
		{C880723B-271B-485D-ACD7-24FA2E845105}.AppStore|iPhone.Build.0 = Release|Any CPU
		{C880723B-271B-485D-ACD7-24FA2E845105}.AppStore|iPhoneSimulator.ActiveCfg = Release|Any CPU
		{C880723B-271B-485D-ACD7-24FA2E845105}.AppStore|iPhoneSimulator.Build.0 = Release|Any CPU
		{C880723B-271B-485D-ACD7-24FA2E845105}.AppStore|x64.ActiveCfg = Release|Any CPU
		{C880723B-271B-485D-ACD7-24FA2E845105}.AppStore|x64.Build.0 = Release|Any CPU
		{C880723B-271B-485D-ACD7-24FA2E845105}.AppStore|x86.ActiveCfg = Release|Any CPU
		{C880723B-271B-485D-ACD7-24FA2E845105}.AppStore|x86.Build.0 = Release|Any CPU
		{C880723B-271B-485D-ACD7-24FA2E845105}.Debug|Any CPU.ActiveCfg = Debug|Any CPU
		{C880723B-271B-485D-ACD7-24FA2E845105}.Debug|Any CPU.Build.0 = Debug|Any CPU
		{C880723B-271B-485D-ACD7-24FA2E845105}.Debug|ARM.ActiveCfg = Debug|Any CPU
		{C880723B-271B-485D-ACD7-24FA2E845105}.Debug|ARM.Build.0 = Debug|Any CPU
		{C880723B-271B-485D-ACD7-24FA2E845105}.Debug|iPhone.ActiveCfg = Debug|Any CPU
		{C880723B-271B-485D-ACD7-24FA2E845105}.Debug|iPhone.Build.0 = Debug|Any CPU
		{C880723B-271B-485D-ACD7-24FA2E845105}.Debug|iPhoneSimulator.ActiveCfg = Debug|Any CPU
		{C880723B-271B-485D-ACD7-24FA2E845105}.Debug|iPhoneSimulator.Build.0 = Debug|Any CPU
		{C880723B-271B-485D-ACD7-24FA2E845105}.Debug|x64.ActiveCfg = Debug|Any CPU
		{C880723B-271B-485D-ACD7-24FA2E845105}.Debug|x64.Build.0 = Debug|Any CPU
		{C880723B-271B-485D-ACD7-24FA2E845105}.Debug|x86.ActiveCfg = Debug|Any CPU
		{C880723B-271B-485D-ACD7-24FA2E845105}.Debug|x86.Build.0 = Debug|Any CPU
		{C880723B-271B-485D-ACD7-24FA2E845105}.Release|Any CPU.ActiveCfg = Release|Any CPU
		{C880723B-271B-485D-ACD7-24FA2E845105}.Release|Any CPU.Build.0 = Release|Any CPU
		{C880723B-271B-485D-ACD7-24FA2E845105}.Release|ARM.ActiveCfg = Release|Any CPU
		{C880723B-271B-485D-ACD7-24FA2E845105}.Release|ARM.Build.0 = Release|Any CPU
		{C880723B-271B-485D-ACD7-24FA2E845105}.Release|iPhone.ActiveCfg = Release|Any CPU
		{C880723B-271B-485D-ACD7-24FA2E845105}.Release|iPhone.Build.0 = Release|Any CPU
		{C880723B-271B-485D-ACD7-24FA2E845105}.Release|iPhoneSimulator.ActiveCfg = Release|Any CPU
		{C880723B-271B-485D-ACD7-24FA2E845105}.Release|iPhoneSimulator.Build.0 = Release|Any CPU
		{C880723B-271B-485D-ACD7-24FA2E845105}.Release|x64.ActiveCfg = Release|Any CPU
		{C880723B-271B-485D-ACD7-24FA2E845105}.Release|x64.Build.0 = Release|Any CPU
		{C880723B-271B-485D-ACD7-24FA2E845105}.Release|x86.ActiveCfg = Release|Any CPU
		{C880723B-271B-485D-ACD7-24FA2E845105}.Release|x86.Build.0 = Release|Any CPU
		{7EF3568F-08FF-42B9-B63B-16415857B69B}.Ad-Hoc|Any CPU.ActiveCfg = Release|Any CPU
		{7EF3568F-08FF-42B9-B63B-16415857B69B}.Ad-Hoc|Any CPU.Build.0 = Release|Any CPU
		{7EF3568F-08FF-42B9-B63B-16415857B69B}.Ad-Hoc|ARM.ActiveCfg = Release|Any CPU
		{7EF3568F-08FF-42B9-B63B-16415857B69B}.Ad-Hoc|ARM.Build.0 = Release|Any CPU
		{7EF3568F-08FF-42B9-B63B-16415857B69B}.Ad-Hoc|iPhone.ActiveCfg = Release|Any CPU
		{7EF3568F-08FF-42B9-B63B-16415857B69B}.Ad-Hoc|iPhone.Build.0 = Release|Any CPU
		{7EF3568F-08FF-42B9-B63B-16415857B69B}.Ad-Hoc|iPhoneSimulator.ActiveCfg = Release|Any CPU
		{7EF3568F-08FF-42B9-B63B-16415857B69B}.Ad-Hoc|iPhoneSimulator.Build.0 = Release|Any CPU
		{7EF3568F-08FF-42B9-B63B-16415857B69B}.Ad-Hoc|x64.ActiveCfg = Release|Any CPU
		{7EF3568F-08FF-42B9-B63B-16415857B69B}.Ad-Hoc|x64.Build.0 = Release|Any CPU
		{7EF3568F-08FF-42B9-B63B-16415857B69B}.Ad-Hoc|x86.ActiveCfg = Release|Any CPU
		{7EF3568F-08FF-42B9-B63B-16415857B69B}.Ad-Hoc|x86.Build.0 = Release|Any CPU
		{7EF3568F-08FF-42B9-B63B-16415857B69B}.AppStore|Any CPU.ActiveCfg = Release|Any CPU
		{7EF3568F-08FF-42B9-B63B-16415857B69B}.AppStore|Any CPU.Build.0 = Release|Any CPU
		{7EF3568F-08FF-42B9-B63B-16415857B69B}.AppStore|ARM.ActiveCfg = Release|Any CPU
		{7EF3568F-08FF-42B9-B63B-16415857B69B}.AppStore|ARM.Build.0 = Release|Any CPU
		{7EF3568F-08FF-42B9-B63B-16415857B69B}.AppStore|iPhone.ActiveCfg = Release|Any CPU
		{7EF3568F-08FF-42B9-B63B-16415857B69B}.AppStore|iPhone.Build.0 = Release|Any CPU
		{7EF3568F-08FF-42B9-B63B-16415857B69B}.AppStore|iPhoneSimulator.ActiveCfg = Release|Any CPU
		{7EF3568F-08FF-42B9-B63B-16415857B69B}.AppStore|iPhoneSimulator.Build.0 = Release|Any CPU
		{7EF3568F-08FF-42B9-B63B-16415857B69B}.AppStore|x64.ActiveCfg = Release|Any CPU
		{7EF3568F-08FF-42B9-B63B-16415857B69B}.AppStore|x64.Build.0 = Release|Any CPU
		{7EF3568F-08FF-42B9-B63B-16415857B69B}.AppStore|x86.ActiveCfg = Release|Any CPU
		{7EF3568F-08FF-42B9-B63B-16415857B69B}.AppStore|x86.Build.0 = Release|Any CPU
		{7EF3568F-08FF-42B9-B63B-16415857B69B}.Debug|Any CPU.ActiveCfg = Debug|Any CPU
		{7EF3568F-08FF-42B9-B63B-16415857B69B}.Debug|Any CPU.Build.0 = Debug|Any CPU
		{7EF3568F-08FF-42B9-B63B-16415857B69B}.Debug|ARM.ActiveCfg = Debug|Any CPU
		{7EF3568F-08FF-42B9-B63B-16415857B69B}.Debug|ARM.Build.0 = Debug|Any CPU
		{7EF3568F-08FF-42B9-B63B-16415857B69B}.Debug|iPhone.ActiveCfg = Debug|Any CPU
		{7EF3568F-08FF-42B9-B63B-16415857B69B}.Debug|iPhone.Build.0 = Debug|Any CPU
		{7EF3568F-08FF-42B9-B63B-16415857B69B}.Debug|iPhoneSimulator.ActiveCfg = Debug|Any CPU
		{7EF3568F-08FF-42B9-B63B-16415857B69B}.Debug|iPhoneSimulator.Build.0 = Debug|Any CPU
		{7EF3568F-08FF-42B9-B63B-16415857B69B}.Debug|x64.ActiveCfg = Debug|Any CPU
		{7EF3568F-08FF-42B9-B63B-16415857B69B}.Debug|x64.Build.0 = Debug|Any CPU
		{7EF3568F-08FF-42B9-B63B-16415857B69B}.Debug|x86.ActiveCfg = Debug|Any CPU
		{7EF3568F-08FF-42B9-B63B-16415857B69B}.Debug|x86.Build.0 = Debug|Any CPU
		{7EF3568F-08FF-42B9-B63B-16415857B69B}.Release|Any CPU.ActiveCfg = Release|Any CPU
		{7EF3568F-08FF-42B9-B63B-16415857B69B}.Release|Any CPU.Build.0 = Release|Any CPU
		{7EF3568F-08FF-42B9-B63B-16415857B69B}.Release|ARM.ActiveCfg = Release|Any CPU
		{7EF3568F-08FF-42B9-B63B-16415857B69B}.Release|ARM.Build.0 = Release|Any CPU
		{7EF3568F-08FF-42B9-B63B-16415857B69B}.Release|iPhone.ActiveCfg = Release|Any CPU
		{7EF3568F-08FF-42B9-B63B-16415857B69B}.Release|iPhone.Build.0 = Release|Any CPU
		{7EF3568F-08FF-42B9-B63B-16415857B69B}.Release|iPhoneSimulator.ActiveCfg = Release|Any CPU
		{7EF3568F-08FF-42B9-B63B-16415857B69B}.Release|iPhoneSimulator.Build.0 = Release|Any CPU
		{7EF3568F-08FF-42B9-B63B-16415857B69B}.Release|x64.ActiveCfg = Release|Any CPU
		{7EF3568F-08FF-42B9-B63B-16415857B69B}.Release|x64.Build.0 = Release|Any CPU
		{7EF3568F-08FF-42B9-B63B-16415857B69B}.Release|x86.ActiveCfg = Release|Any CPU
		{7EF3568F-08FF-42B9-B63B-16415857B69B}.Release|x86.Build.0 = Release|Any CPU
		{256021CE-1B2B-43BC-9928-E498668F4715}.Ad-Hoc|Any CPU.ActiveCfg = Release|Any CPU
		{256021CE-1B2B-43BC-9928-E498668F4715}.Ad-Hoc|Any CPU.Build.0 = Release|Any CPU
		{256021CE-1B2B-43BC-9928-E498668F4715}.Ad-Hoc|ARM.ActiveCfg = Release|Any CPU
		{256021CE-1B2B-43BC-9928-E498668F4715}.Ad-Hoc|ARM.Build.0 = Release|Any CPU
		{256021CE-1B2B-43BC-9928-E498668F4715}.Ad-Hoc|iPhone.ActiveCfg = Release|Any CPU
		{256021CE-1B2B-43BC-9928-E498668F4715}.Ad-Hoc|iPhone.Build.0 = Release|Any CPU
		{256021CE-1B2B-43BC-9928-E498668F4715}.Ad-Hoc|iPhoneSimulator.ActiveCfg = Release|Any CPU
		{256021CE-1B2B-43BC-9928-E498668F4715}.Ad-Hoc|iPhoneSimulator.Build.0 = Release|Any CPU
		{256021CE-1B2B-43BC-9928-E498668F4715}.Ad-Hoc|x64.ActiveCfg = Release|Any CPU
		{256021CE-1B2B-43BC-9928-E498668F4715}.Ad-Hoc|x64.Build.0 = Release|Any CPU
		{256021CE-1B2B-43BC-9928-E498668F4715}.Ad-Hoc|x86.ActiveCfg = Release|Any CPU
		{256021CE-1B2B-43BC-9928-E498668F4715}.Ad-Hoc|x86.Build.0 = Release|Any CPU
		{256021CE-1B2B-43BC-9928-E498668F4715}.AppStore|Any CPU.ActiveCfg = Release|Any CPU
		{256021CE-1B2B-43BC-9928-E498668F4715}.AppStore|Any CPU.Build.0 = Release|Any CPU
		{256021CE-1B2B-43BC-9928-E498668F4715}.AppStore|ARM.ActiveCfg = Release|Any CPU
		{256021CE-1B2B-43BC-9928-E498668F4715}.AppStore|ARM.Build.0 = Release|Any CPU
		{256021CE-1B2B-43BC-9928-E498668F4715}.AppStore|iPhone.ActiveCfg = Release|Any CPU
		{256021CE-1B2B-43BC-9928-E498668F4715}.AppStore|iPhone.Build.0 = Release|Any CPU
		{256021CE-1B2B-43BC-9928-E498668F4715}.AppStore|iPhoneSimulator.ActiveCfg = Release|Any CPU
		{256021CE-1B2B-43BC-9928-E498668F4715}.AppStore|iPhoneSimulator.Build.0 = Release|Any CPU
		{256021CE-1B2B-43BC-9928-E498668F4715}.AppStore|x64.ActiveCfg = Release|Any CPU
		{256021CE-1B2B-43BC-9928-E498668F4715}.AppStore|x64.Build.0 = Release|Any CPU
		{256021CE-1B2B-43BC-9928-E498668F4715}.AppStore|x86.ActiveCfg = Release|Any CPU
		{256021CE-1B2B-43BC-9928-E498668F4715}.AppStore|x86.Build.0 = Release|Any CPU
		{256021CE-1B2B-43BC-9928-E498668F4715}.Debug|Any CPU.ActiveCfg = Debug|Any CPU
		{256021CE-1B2B-43BC-9928-E498668F4715}.Debug|Any CPU.Build.0 = Debug|Any CPU
		{256021CE-1B2B-43BC-9928-E498668F4715}.Debug|ARM.ActiveCfg = Debug|Any CPU
		{256021CE-1B2B-43BC-9928-E498668F4715}.Debug|ARM.Build.0 = Debug|Any CPU
		{256021CE-1B2B-43BC-9928-E498668F4715}.Debug|iPhone.ActiveCfg = Debug|Any CPU
		{256021CE-1B2B-43BC-9928-E498668F4715}.Debug|iPhone.Build.0 = Debug|Any CPU
		{256021CE-1B2B-43BC-9928-E498668F4715}.Debug|iPhoneSimulator.ActiveCfg = Debug|Any CPU
		{256021CE-1B2B-43BC-9928-E498668F4715}.Debug|iPhoneSimulator.Build.0 = Debug|Any CPU
		{256021CE-1B2B-43BC-9928-E498668F4715}.Debug|x64.ActiveCfg = Debug|Any CPU
		{256021CE-1B2B-43BC-9928-E498668F4715}.Debug|x64.Build.0 = Debug|Any CPU
		{256021CE-1B2B-43BC-9928-E498668F4715}.Debug|x86.ActiveCfg = Debug|Any CPU
		{256021CE-1B2B-43BC-9928-E498668F4715}.Debug|x86.Build.0 = Debug|Any CPU
		{256021CE-1B2B-43BC-9928-E498668F4715}.Release|Any CPU.ActiveCfg = Release|Any CPU
		{256021CE-1B2B-43BC-9928-E498668F4715}.Release|Any CPU.Build.0 = Release|Any CPU
		{256021CE-1B2B-43BC-9928-E498668F4715}.Release|ARM.ActiveCfg = Release|Any CPU
		{256021CE-1B2B-43BC-9928-E498668F4715}.Release|ARM.Build.0 = Release|Any CPU
		{256021CE-1B2B-43BC-9928-E498668F4715}.Release|iPhone.ActiveCfg = Release|Any CPU
		{256021CE-1B2B-43BC-9928-E498668F4715}.Release|iPhone.Build.0 = Release|Any CPU
		{256021CE-1B2B-43BC-9928-E498668F4715}.Release|iPhoneSimulator.ActiveCfg = Release|Any CPU
		{256021CE-1B2B-43BC-9928-E498668F4715}.Release|iPhoneSimulator.Build.0 = Release|Any CPU
		{256021CE-1B2B-43BC-9928-E498668F4715}.Release|x64.ActiveCfg = Release|Any CPU
		{256021CE-1B2B-43BC-9928-E498668F4715}.Release|x64.Build.0 = Release|Any CPU
		{256021CE-1B2B-43BC-9928-E498668F4715}.Release|x86.ActiveCfg = Release|Any CPU
		{256021CE-1B2B-43BC-9928-E498668F4715}.Release|x86.Build.0 = Release|Any CPU
		{D29AEB04-34F0-4EF6-8F30-3F039FB0408E}.Ad-Hoc|Any CPU.ActiveCfg = Release|Any CPU
		{D29AEB04-34F0-4EF6-8F30-3F039FB0408E}.Ad-Hoc|Any CPU.Build.0 = Release|Any CPU
		{D29AEB04-34F0-4EF6-8F30-3F039FB0408E}.Ad-Hoc|ARM.ActiveCfg = Release|Any CPU
		{D29AEB04-34F0-4EF6-8F30-3F039FB0408E}.Ad-Hoc|ARM.Build.0 = Release|Any CPU
		{D29AEB04-34F0-4EF6-8F30-3F039FB0408E}.Ad-Hoc|iPhone.ActiveCfg = Release|Any CPU
		{D29AEB04-34F0-4EF6-8F30-3F039FB0408E}.Ad-Hoc|iPhone.Build.0 = Release|Any CPU
		{D29AEB04-34F0-4EF6-8F30-3F039FB0408E}.Ad-Hoc|iPhoneSimulator.ActiveCfg = Release|Any CPU
		{D29AEB04-34F0-4EF6-8F30-3F039FB0408E}.Ad-Hoc|iPhoneSimulator.Build.0 = Release|Any CPU
		{D29AEB04-34F0-4EF6-8F30-3F039FB0408E}.Ad-Hoc|x64.ActiveCfg = Release|Any CPU
		{D29AEB04-34F0-4EF6-8F30-3F039FB0408E}.Ad-Hoc|x64.Build.0 = Release|Any CPU
		{D29AEB04-34F0-4EF6-8F30-3F039FB0408E}.Ad-Hoc|x86.ActiveCfg = Release|Any CPU
		{D29AEB04-34F0-4EF6-8F30-3F039FB0408E}.Ad-Hoc|x86.Build.0 = Release|Any CPU
		{D29AEB04-34F0-4EF6-8F30-3F039FB0408E}.AppStore|Any CPU.ActiveCfg = Release|Any CPU
		{D29AEB04-34F0-4EF6-8F30-3F039FB0408E}.AppStore|Any CPU.Build.0 = Release|Any CPU
		{D29AEB04-34F0-4EF6-8F30-3F039FB0408E}.AppStore|ARM.ActiveCfg = Release|Any CPU
		{D29AEB04-34F0-4EF6-8F30-3F039FB0408E}.AppStore|ARM.Build.0 = Release|Any CPU
		{D29AEB04-34F0-4EF6-8F30-3F039FB0408E}.AppStore|iPhone.ActiveCfg = Release|Any CPU
		{D29AEB04-34F0-4EF6-8F30-3F039FB0408E}.AppStore|iPhone.Build.0 = Release|Any CPU
		{D29AEB04-34F0-4EF6-8F30-3F039FB0408E}.AppStore|iPhoneSimulator.ActiveCfg = Release|Any CPU
		{D29AEB04-34F0-4EF6-8F30-3F039FB0408E}.AppStore|iPhoneSimulator.Build.0 = Release|Any CPU
		{D29AEB04-34F0-4EF6-8F30-3F039FB0408E}.AppStore|x64.ActiveCfg = Release|Any CPU
		{D29AEB04-34F0-4EF6-8F30-3F039FB0408E}.AppStore|x64.Build.0 = Release|Any CPU
		{D29AEB04-34F0-4EF6-8F30-3F039FB0408E}.AppStore|x86.ActiveCfg = Release|Any CPU
		{D29AEB04-34F0-4EF6-8F30-3F039FB0408E}.AppStore|x86.Build.0 = Release|Any CPU
		{D29AEB04-34F0-4EF6-8F30-3F039FB0408E}.Debug|Any CPU.ActiveCfg = Debug|Any CPU
		{D29AEB04-34F0-4EF6-8F30-3F039FB0408E}.Debug|Any CPU.Build.0 = Debug|Any CPU
		{D29AEB04-34F0-4EF6-8F30-3F039FB0408E}.Debug|ARM.ActiveCfg = Debug|Any CPU
		{D29AEB04-34F0-4EF6-8F30-3F039FB0408E}.Debug|ARM.Build.0 = Debug|Any CPU
		{D29AEB04-34F0-4EF6-8F30-3F039FB0408E}.Debug|iPhone.ActiveCfg = Debug|Any CPU
		{D29AEB04-34F0-4EF6-8F30-3F039FB0408E}.Debug|iPhone.Build.0 = Debug|Any CPU
		{D29AEB04-34F0-4EF6-8F30-3F039FB0408E}.Debug|iPhoneSimulator.ActiveCfg = Debug|Any CPU
		{D29AEB04-34F0-4EF6-8F30-3F039FB0408E}.Debug|iPhoneSimulator.Build.0 = Debug|Any CPU
		{D29AEB04-34F0-4EF6-8F30-3F039FB0408E}.Debug|x64.ActiveCfg = Debug|Any CPU
		{D29AEB04-34F0-4EF6-8F30-3F039FB0408E}.Debug|x64.Build.0 = Debug|Any CPU
		{D29AEB04-34F0-4EF6-8F30-3F039FB0408E}.Debug|x86.ActiveCfg = Debug|Any CPU
		{D29AEB04-34F0-4EF6-8F30-3F039FB0408E}.Debug|x86.Build.0 = Debug|Any CPU
		{D29AEB04-34F0-4EF6-8F30-3F039FB0408E}.Release|Any CPU.ActiveCfg = Release|Any CPU
		{D29AEB04-34F0-4EF6-8F30-3F039FB0408E}.Release|Any CPU.Build.0 = Release|Any CPU
		{D29AEB04-34F0-4EF6-8F30-3F039FB0408E}.Release|ARM.ActiveCfg = Release|Any CPU
		{D29AEB04-34F0-4EF6-8F30-3F039FB0408E}.Release|ARM.Build.0 = Release|Any CPU
		{D29AEB04-34F0-4EF6-8F30-3F039FB0408E}.Release|iPhone.ActiveCfg = Release|Any CPU
		{D29AEB04-34F0-4EF6-8F30-3F039FB0408E}.Release|iPhone.Build.0 = Release|Any CPU
		{D29AEB04-34F0-4EF6-8F30-3F039FB0408E}.Release|iPhoneSimulator.ActiveCfg = Release|Any CPU
		{D29AEB04-34F0-4EF6-8F30-3F039FB0408E}.Release|iPhoneSimulator.Build.0 = Release|Any CPU
		{D29AEB04-34F0-4EF6-8F30-3F039FB0408E}.Release|x64.ActiveCfg = Release|Any CPU
		{D29AEB04-34F0-4EF6-8F30-3F039FB0408E}.Release|x64.Build.0 = Release|Any CPU
		{D29AEB04-34F0-4EF6-8F30-3F039FB0408E}.Release|x86.ActiveCfg = Release|Any CPU
		{D29AEB04-34F0-4EF6-8F30-3F039FB0408E}.Release|x86.Build.0 = Release|Any CPU
		{78D49F6E-A564-4711-BBF1-D4CE03F65438}.Ad-Hoc|Any CPU.ActiveCfg = Release|Any CPU
		{78D49F6E-A564-4711-BBF1-D4CE03F65438}.Ad-Hoc|Any CPU.Build.0 = Release|Any CPU
		{78D49F6E-A564-4711-BBF1-D4CE03F65438}.Ad-Hoc|ARM.ActiveCfg = Release|Any CPU
		{78D49F6E-A564-4711-BBF1-D4CE03F65438}.Ad-Hoc|ARM.Build.0 = Release|Any CPU
		{78D49F6E-A564-4711-BBF1-D4CE03F65438}.Ad-Hoc|iPhone.ActiveCfg = Release|Any CPU
		{78D49F6E-A564-4711-BBF1-D4CE03F65438}.Ad-Hoc|iPhone.Build.0 = Release|Any CPU
		{78D49F6E-A564-4711-BBF1-D4CE03F65438}.Ad-Hoc|iPhoneSimulator.ActiveCfg = Release|Any CPU
		{78D49F6E-A564-4711-BBF1-D4CE03F65438}.Ad-Hoc|iPhoneSimulator.Build.0 = Release|Any CPU
		{78D49F6E-A564-4711-BBF1-D4CE03F65438}.Ad-Hoc|x64.ActiveCfg = Release|Any CPU
		{78D49F6E-A564-4711-BBF1-D4CE03F65438}.Ad-Hoc|x64.Build.0 = Release|Any CPU
		{78D49F6E-A564-4711-BBF1-D4CE03F65438}.Ad-Hoc|x86.ActiveCfg = Release|Any CPU
		{78D49F6E-A564-4711-BBF1-D4CE03F65438}.Ad-Hoc|x86.Build.0 = Release|Any CPU
		{78D49F6E-A564-4711-BBF1-D4CE03F65438}.AppStore|Any CPU.ActiveCfg = Release|Any CPU
		{78D49F6E-A564-4711-BBF1-D4CE03F65438}.AppStore|Any CPU.Build.0 = Release|Any CPU
		{78D49F6E-A564-4711-BBF1-D4CE03F65438}.AppStore|ARM.ActiveCfg = Release|Any CPU
		{78D49F6E-A564-4711-BBF1-D4CE03F65438}.AppStore|ARM.Build.0 = Release|Any CPU
		{78D49F6E-A564-4711-BBF1-D4CE03F65438}.AppStore|iPhone.ActiveCfg = Release|Any CPU
		{78D49F6E-A564-4711-BBF1-D4CE03F65438}.AppStore|iPhone.Build.0 = Release|Any CPU
		{78D49F6E-A564-4711-BBF1-D4CE03F65438}.AppStore|iPhoneSimulator.ActiveCfg = Release|Any CPU
		{78D49F6E-A564-4711-BBF1-D4CE03F65438}.AppStore|iPhoneSimulator.Build.0 = Release|Any CPU
		{78D49F6E-A564-4711-BBF1-D4CE03F65438}.AppStore|x64.ActiveCfg = Release|Any CPU
		{78D49F6E-A564-4711-BBF1-D4CE03F65438}.AppStore|x64.Build.0 = Release|Any CPU
		{78D49F6E-A564-4711-BBF1-D4CE03F65438}.AppStore|x86.ActiveCfg = Release|Any CPU
		{78D49F6E-A564-4711-BBF1-D4CE03F65438}.AppStore|x86.Build.0 = Release|Any CPU
		{78D49F6E-A564-4711-BBF1-D4CE03F65438}.Debug|Any CPU.ActiveCfg = Debug|Any CPU
		{78D49F6E-A564-4711-BBF1-D4CE03F65438}.Debug|Any CPU.Build.0 = Debug|Any CPU
		{78D49F6E-A564-4711-BBF1-D4CE03F65438}.Debug|ARM.ActiveCfg = Debug|Any CPU
		{78D49F6E-A564-4711-BBF1-D4CE03F65438}.Debug|ARM.Build.0 = Debug|Any CPU
		{78D49F6E-A564-4711-BBF1-D4CE03F65438}.Debug|iPhone.ActiveCfg = Debug|Any CPU
		{78D49F6E-A564-4711-BBF1-D4CE03F65438}.Debug|iPhone.Build.0 = Debug|Any CPU
		{78D49F6E-A564-4711-BBF1-D4CE03F65438}.Debug|iPhoneSimulator.ActiveCfg = Debug|Any CPU
		{78D49F6E-A564-4711-BBF1-D4CE03F65438}.Debug|iPhoneSimulator.Build.0 = Debug|Any CPU
		{78D49F6E-A564-4711-BBF1-D4CE03F65438}.Debug|x64.ActiveCfg = Debug|Any CPU
		{78D49F6E-A564-4711-BBF1-D4CE03F65438}.Debug|x64.Build.0 = Debug|Any CPU
		{78D49F6E-A564-4711-BBF1-D4CE03F65438}.Debug|x86.ActiveCfg = Debug|Any CPU
		{78D49F6E-A564-4711-BBF1-D4CE03F65438}.Debug|x86.Build.0 = Debug|Any CPU
		{78D49F6E-A564-4711-BBF1-D4CE03F65438}.Release|Any CPU.ActiveCfg = Release|Any CPU
		{78D49F6E-A564-4711-BBF1-D4CE03F65438}.Release|Any CPU.Build.0 = Release|Any CPU
		{78D49F6E-A564-4711-BBF1-D4CE03F65438}.Release|ARM.ActiveCfg = Release|Any CPU
		{78D49F6E-A564-4711-BBF1-D4CE03F65438}.Release|ARM.Build.0 = Release|Any CPU
		{78D49F6E-A564-4711-BBF1-D4CE03F65438}.Release|iPhone.ActiveCfg = Release|Any CPU
		{78D49F6E-A564-4711-BBF1-D4CE03F65438}.Release|iPhone.Build.0 = Release|Any CPU
		{78D49F6E-A564-4711-BBF1-D4CE03F65438}.Release|iPhoneSimulator.ActiveCfg = Release|Any CPU
		{78D49F6E-A564-4711-BBF1-D4CE03F65438}.Release|iPhoneSimulator.Build.0 = Release|Any CPU
		{78D49F6E-A564-4711-BBF1-D4CE03F65438}.Release|x64.ActiveCfg = Release|Any CPU
		{78D49F6E-A564-4711-BBF1-D4CE03F65438}.Release|x64.Build.0 = Release|Any CPU
		{78D49F6E-A564-4711-BBF1-D4CE03F65438}.Release|x86.ActiveCfg = Release|Any CPU
		{78D49F6E-A564-4711-BBF1-D4CE03F65438}.Release|x86.Build.0 = Release|Any CPU
		{182B9F67-3B34-4863-B9A3-8D08288F918A}.Ad-Hoc|Any CPU.ActiveCfg = Debug|Any CPU
		{182B9F67-3B34-4863-B9A3-8D08288F918A}.Ad-Hoc|Any CPU.Build.0 = Debug|Any CPU
		{182B9F67-3B34-4863-B9A3-8D08288F918A}.Ad-Hoc|Any CPU.Deploy.0 = Debug|Any CPU
		{182B9F67-3B34-4863-B9A3-8D08288F918A}.Ad-Hoc|ARM.ActiveCfg = Debug|Any CPU
		{182B9F67-3B34-4863-B9A3-8D08288F918A}.Ad-Hoc|ARM.Build.0 = Debug|Any CPU
		{182B9F67-3B34-4863-B9A3-8D08288F918A}.Ad-Hoc|ARM.Deploy.0 = Debug|Any CPU
		{182B9F67-3B34-4863-B9A3-8D08288F918A}.Ad-Hoc|iPhone.ActiveCfg = Debug|Any CPU
		{182B9F67-3B34-4863-B9A3-8D08288F918A}.Ad-Hoc|iPhone.Build.0 = Debug|Any CPU
		{182B9F67-3B34-4863-B9A3-8D08288F918A}.Ad-Hoc|iPhone.Deploy.0 = Debug|Any CPU
		{182B9F67-3B34-4863-B9A3-8D08288F918A}.Ad-Hoc|iPhoneSimulator.ActiveCfg = Debug|Any CPU
		{182B9F67-3B34-4863-B9A3-8D08288F918A}.Ad-Hoc|iPhoneSimulator.Build.0 = Debug|Any CPU
		{182B9F67-3B34-4863-B9A3-8D08288F918A}.Ad-Hoc|iPhoneSimulator.Deploy.0 = Debug|Any CPU
		{182B9F67-3B34-4863-B9A3-8D08288F918A}.Ad-Hoc|x64.ActiveCfg = Debug|Any CPU
		{182B9F67-3B34-4863-B9A3-8D08288F918A}.Ad-Hoc|x64.Build.0 = Debug|Any CPU
		{182B9F67-3B34-4863-B9A3-8D08288F918A}.Ad-Hoc|x64.Deploy.0 = Debug|Any CPU
		{182B9F67-3B34-4863-B9A3-8D08288F918A}.Ad-Hoc|x86.ActiveCfg = Debug|Any CPU
		{182B9F67-3B34-4863-B9A3-8D08288F918A}.Ad-Hoc|x86.Build.0 = Debug|Any CPU
		{182B9F67-3B34-4863-B9A3-8D08288F918A}.Ad-Hoc|x86.Deploy.0 = Debug|Any CPU
		{182B9F67-3B34-4863-B9A3-8D08288F918A}.AppStore|Any CPU.ActiveCfg = Debug|Any CPU
		{182B9F67-3B34-4863-B9A3-8D08288F918A}.AppStore|Any CPU.Build.0 = Debug|Any CPU
		{182B9F67-3B34-4863-B9A3-8D08288F918A}.AppStore|Any CPU.Deploy.0 = Debug|Any CPU
		{182B9F67-3B34-4863-B9A3-8D08288F918A}.AppStore|ARM.ActiveCfg = Debug|Any CPU
		{182B9F67-3B34-4863-B9A3-8D08288F918A}.AppStore|ARM.Build.0 = Debug|Any CPU
		{182B9F67-3B34-4863-B9A3-8D08288F918A}.AppStore|ARM.Deploy.0 = Debug|Any CPU
		{182B9F67-3B34-4863-B9A3-8D08288F918A}.AppStore|iPhone.ActiveCfg = Debug|Any CPU
		{182B9F67-3B34-4863-B9A3-8D08288F918A}.AppStore|iPhone.Build.0 = Debug|Any CPU
		{182B9F67-3B34-4863-B9A3-8D08288F918A}.AppStore|iPhone.Deploy.0 = Debug|Any CPU
		{182B9F67-3B34-4863-B9A3-8D08288F918A}.AppStore|iPhoneSimulator.ActiveCfg = Debug|Any CPU
		{182B9F67-3B34-4863-B9A3-8D08288F918A}.AppStore|iPhoneSimulator.Build.0 = Debug|Any CPU
		{182B9F67-3B34-4863-B9A3-8D08288F918A}.AppStore|iPhoneSimulator.Deploy.0 = Debug|Any CPU
		{182B9F67-3B34-4863-B9A3-8D08288F918A}.AppStore|x64.ActiveCfg = Debug|Any CPU
		{182B9F67-3B34-4863-B9A3-8D08288F918A}.AppStore|x64.Build.0 = Debug|Any CPU
		{182B9F67-3B34-4863-B9A3-8D08288F918A}.AppStore|x64.Deploy.0 = Debug|Any CPU
		{182B9F67-3B34-4863-B9A3-8D08288F918A}.AppStore|x86.ActiveCfg = Debug|Any CPU
		{182B9F67-3B34-4863-B9A3-8D08288F918A}.AppStore|x86.Build.0 = Debug|Any CPU
		{182B9F67-3B34-4863-B9A3-8D08288F918A}.AppStore|x86.Deploy.0 = Debug|Any CPU
		{182B9F67-3B34-4863-B9A3-8D08288F918A}.Debug|Any CPU.ActiveCfg = Debug|Any CPU
		{182B9F67-3B34-4863-B9A3-8D08288F918A}.Debug|Any CPU.Build.0 = Debug|Any CPU
		{182B9F67-3B34-4863-B9A3-8D08288F918A}.Debug|Any CPU.Deploy.0 = Debug|Any CPU
		{182B9F67-3B34-4863-B9A3-8D08288F918A}.Debug|ARM.ActiveCfg = Debug|Any CPU
		{182B9F67-3B34-4863-B9A3-8D08288F918A}.Debug|ARM.Build.0 = Debug|Any CPU
		{182B9F67-3B34-4863-B9A3-8D08288F918A}.Debug|ARM.Deploy.0 = Debug|Any CPU
		{182B9F67-3B34-4863-B9A3-8D08288F918A}.Debug|iPhone.ActiveCfg = Debug|Any CPU
		{182B9F67-3B34-4863-B9A3-8D08288F918A}.Debug|iPhone.Build.0 = Debug|Any CPU
		{182B9F67-3B34-4863-B9A3-8D08288F918A}.Debug|iPhone.Deploy.0 = Debug|Any CPU
		{182B9F67-3B34-4863-B9A3-8D08288F918A}.Debug|iPhoneSimulator.ActiveCfg = Debug|Any CPU
		{182B9F67-3B34-4863-B9A3-8D08288F918A}.Debug|iPhoneSimulator.Build.0 = Debug|Any CPU
		{182B9F67-3B34-4863-B9A3-8D08288F918A}.Debug|iPhoneSimulator.Deploy.0 = Debug|Any CPU
		{182B9F67-3B34-4863-B9A3-8D08288F918A}.Debug|x64.ActiveCfg = Debug|Any CPU
		{182B9F67-3B34-4863-B9A3-8D08288F918A}.Debug|x64.Build.0 = Debug|Any CPU
		{182B9F67-3B34-4863-B9A3-8D08288F918A}.Debug|x64.Deploy.0 = Debug|Any CPU
		{182B9F67-3B34-4863-B9A3-8D08288F918A}.Debug|x86.ActiveCfg = Debug|Any CPU
		{182B9F67-3B34-4863-B9A3-8D08288F918A}.Debug|x86.Build.0 = Debug|Any CPU
		{182B9F67-3B34-4863-B9A3-8D08288F918A}.Debug|x86.Deploy.0 = Debug|Any CPU
		{182B9F67-3B34-4863-B9A3-8D08288F918A}.Release|Any CPU.ActiveCfg = Release|Any CPU
		{182B9F67-3B34-4863-B9A3-8D08288F918A}.Release|Any CPU.Build.0 = Release|Any CPU
		{182B9F67-3B34-4863-B9A3-8D08288F918A}.Release|Any CPU.Deploy.0 = Release|Any CPU
		{182B9F67-3B34-4863-B9A3-8D08288F918A}.Release|ARM.ActiveCfg = Release|Any CPU
		{182B9F67-3B34-4863-B9A3-8D08288F918A}.Release|ARM.Build.0 = Release|Any CPU
		{182B9F67-3B34-4863-B9A3-8D08288F918A}.Release|ARM.Deploy.0 = Release|Any CPU
		{182B9F67-3B34-4863-B9A3-8D08288F918A}.Release|iPhone.ActiveCfg = Release|Any CPU
		{182B9F67-3B34-4863-B9A3-8D08288F918A}.Release|iPhone.Build.0 = Release|Any CPU
		{182B9F67-3B34-4863-B9A3-8D08288F918A}.Release|iPhone.Deploy.0 = Release|Any CPU
		{182B9F67-3B34-4863-B9A3-8D08288F918A}.Release|iPhoneSimulator.ActiveCfg = Release|Any CPU
		{182B9F67-3B34-4863-B9A3-8D08288F918A}.Release|iPhoneSimulator.Build.0 = Release|Any CPU
		{182B9F67-3B34-4863-B9A3-8D08288F918A}.Release|iPhoneSimulator.Deploy.0 = Release|Any CPU
		{182B9F67-3B34-4863-B9A3-8D08288F918A}.Release|x64.ActiveCfg = Release|Any CPU
		{182B9F67-3B34-4863-B9A3-8D08288F918A}.Release|x64.Build.0 = Release|Any CPU
		{182B9F67-3B34-4863-B9A3-8D08288F918A}.Release|x64.Deploy.0 = Release|Any CPU
		{182B9F67-3B34-4863-B9A3-8D08288F918A}.Release|x86.ActiveCfg = Release|Any CPU
		{182B9F67-3B34-4863-B9A3-8D08288F918A}.Release|x86.Build.0 = Release|Any CPU
		{182B9F67-3B34-4863-B9A3-8D08288F918A}.Release|x86.Deploy.0 = Release|Any CPU
		{55EB381A-7AD4-414E-93CF-0E29604B9F66}.Ad-Hoc|Any CPU.ActiveCfg = Release|Any CPU
		{55EB381A-7AD4-414E-93CF-0E29604B9F66}.Ad-Hoc|Any CPU.Build.0 = Release|Any CPU
		{55EB381A-7AD4-414E-93CF-0E29604B9F66}.Ad-Hoc|ARM.ActiveCfg = Release|Any CPU
		{55EB381A-7AD4-414E-93CF-0E29604B9F66}.Ad-Hoc|ARM.Build.0 = Release|Any CPU
		{55EB381A-7AD4-414E-93CF-0E29604B9F66}.Ad-Hoc|iPhone.ActiveCfg = Release|Any CPU
		{55EB381A-7AD4-414E-93CF-0E29604B9F66}.Ad-Hoc|iPhone.Build.0 = Release|Any CPU
		{55EB381A-7AD4-414E-93CF-0E29604B9F66}.Ad-Hoc|iPhoneSimulator.ActiveCfg = Release|Any CPU
		{55EB381A-7AD4-414E-93CF-0E29604B9F66}.Ad-Hoc|iPhoneSimulator.Build.0 = Release|Any CPU
		{55EB381A-7AD4-414E-93CF-0E29604B9F66}.Ad-Hoc|x64.ActiveCfg = Release|Any CPU
		{55EB381A-7AD4-414E-93CF-0E29604B9F66}.Ad-Hoc|x64.Build.0 = Release|Any CPU
		{55EB381A-7AD4-414E-93CF-0E29604B9F66}.Ad-Hoc|x86.ActiveCfg = Release|Any CPU
		{55EB381A-7AD4-414E-93CF-0E29604B9F66}.Ad-Hoc|x86.Build.0 = Release|Any CPU
		{55EB381A-7AD4-414E-93CF-0E29604B9F66}.AppStore|Any CPU.ActiveCfg = Release|Any CPU
		{55EB381A-7AD4-414E-93CF-0E29604B9F66}.AppStore|Any CPU.Build.0 = Release|Any CPU
		{55EB381A-7AD4-414E-93CF-0E29604B9F66}.AppStore|ARM.ActiveCfg = Release|Any CPU
		{55EB381A-7AD4-414E-93CF-0E29604B9F66}.AppStore|ARM.Build.0 = Release|Any CPU
		{55EB381A-7AD4-414E-93CF-0E29604B9F66}.AppStore|iPhone.ActiveCfg = Release|Any CPU
		{55EB381A-7AD4-414E-93CF-0E29604B9F66}.AppStore|iPhone.Build.0 = Release|Any CPU
		{55EB381A-7AD4-414E-93CF-0E29604B9F66}.AppStore|iPhoneSimulator.ActiveCfg = Release|Any CPU
		{55EB381A-7AD4-414E-93CF-0E29604B9F66}.AppStore|iPhoneSimulator.Build.0 = Release|Any CPU
		{55EB381A-7AD4-414E-93CF-0E29604B9F66}.AppStore|x64.ActiveCfg = Release|Any CPU
		{55EB381A-7AD4-414E-93CF-0E29604B9F66}.AppStore|x64.Build.0 = Release|Any CPU
		{55EB381A-7AD4-414E-93CF-0E29604B9F66}.AppStore|x86.ActiveCfg = Release|Any CPU
		{55EB381A-7AD4-414E-93CF-0E29604B9F66}.AppStore|x86.Build.0 = Release|Any CPU
		{55EB381A-7AD4-414E-93CF-0E29604B9F66}.Debug|Any CPU.ActiveCfg = Debug|Any CPU
		{55EB381A-7AD4-414E-93CF-0E29604B9F66}.Debug|Any CPU.Build.0 = Debug|Any CPU
		{55EB381A-7AD4-414E-93CF-0E29604B9F66}.Debug|ARM.ActiveCfg = Debug|Any CPU
		{55EB381A-7AD4-414E-93CF-0E29604B9F66}.Debug|ARM.Build.0 = Debug|Any CPU
		{55EB381A-7AD4-414E-93CF-0E29604B9F66}.Debug|iPhone.ActiveCfg = Debug|Any CPU
		{55EB381A-7AD4-414E-93CF-0E29604B9F66}.Debug|iPhone.Build.0 = Debug|Any CPU
		{55EB381A-7AD4-414E-93CF-0E29604B9F66}.Debug|iPhoneSimulator.ActiveCfg = Debug|Any CPU
		{55EB381A-7AD4-414E-93CF-0E29604B9F66}.Debug|iPhoneSimulator.Build.0 = Debug|Any CPU
		{55EB381A-7AD4-414E-93CF-0E29604B9F66}.Debug|x64.ActiveCfg = Debug|Any CPU
		{55EB381A-7AD4-414E-93CF-0E29604B9F66}.Debug|x64.Build.0 = Debug|Any CPU
		{55EB381A-7AD4-414E-93CF-0E29604B9F66}.Debug|x86.ActiveCfg = Debug|Any CPU
		{55EB381A-7AD4-414E-93CF-0E29604B9F66}.Debug|x86.Build.0 = Debug|Any CPU
		{55EB381A-7AD4-414E-93CF-0E29604B9F66}.Release|Any CPU.ActiveCfg = Release|Any CPU
		{55EB381A-7AD4-414E-93CF-0E29604B9F66}.Release|Any CPU.Build.0 = Release|Any CPU
		{55EB381A-7AD4-414E-93CF-0E29604B9F66}.Release|ARM.ActiveCfg = Release|Any CPU
		{55EB381A-7AD4-414E-93CF-0E29604B9F66}.Release|ARM.Build.0 = Release|Any CPU
		{55EB381A-7AD4-414E-93CF-0E29604B9F66}.Release|iPhone.ActiveCfg = Release|Any CPU
		{55EB381A-7AD4-414E-93CF-0E29604B9F66}.Release|iPhone.Build.0 = Release|Any CPU
		{55EB381A-7AD4-414E-93CF-0E29604B9F66}.Release|iPhoneSimulator.ActiveCfg = Release|Any CPU
		{55EB381A-7AD4-414E-93CF-0E29604B9F66}.Release|iPhoneSimulator.Build.0 = Release|Any CPU
		{55EB381A-7AD4-414E-93CF-0E29604B9F66}.Release|x64.ActiveCfg = Release|Any CPU
		{55EB381A-7AD4-414E-93CF-0E29604B9F66}.Release|x64.Build.0 = Release|Any CPU
		{55EB381A-7AD4-414E-93CF-0E29604B9F66}.Release|x86.ActiveCfg = Release|Any CPU
		{55EB381A-7AD4-414E-93CF-0E29604B9F66}.Release|x86.Build.0 = Release|Any CPU
	EndGlobalSection
	GlobalSection(SolutionProperties) = preSolution
		HideSolutionNode = FALSE
	EndGlobalSection
EndGlobal
